
Microsoft Visual Studio Solution File, Format Version 12.00
# Visual Studio Version 17
VisualStudioVersion = 17.5.33424.131
MinimumVisualStudioVersion = 10.0.40219.1
Project("{FAE04EC0-301F-11D3-BF4B-00C04F79EFBC}") = "OlavTheFirst", "OlavTheFirst\OlavTheFirst.csproj", "{CEE2D3EC-6F34-4B35-A706-550F0841C084}"
EndProject
Global
	GlobalSection(SolutionConfigurationPlatforms) = preSolution
		Debug|Any CPU = Debug|Any CPU
		Release|Any CPU = Release|Any CPU
	EndGlobalSection
	GlobalSection(ProjectConfigurationPlatforms) = postSolution
		{CEE2D3EC-6F34-4B35-A706-550F0841C084}.Debug|Any CPU.ActiveCfg = Debug|Any CPU
		{CEE2D3EC-6F34-4B35-A706-550F0841C084}.Debug|Any CPU.Build.0 = Debug|Any CPU
		{CEE2D3EC-6F34-4B35-A706-550F0841C084}.Release|Any CPU.ActiveCfg = Release|Any CPU
		{CEE2D3EC-6F34-4B35-A706-550F0841C084}.Release|Any CPU.Build.0 = Release|Any CPU
	EndGlobalSection
	GlobalSection(SolutionProperties) = preSolution
		HideSolutionNode = FALSE
	EndGlobalSection
	GlobalSection(ExtensibilityGlobals) = postSolution
		SolutionGuid = {36BC8A74-79DD-472A-B66B-771FF57F5C41}
	EndGlobalSection
EndGlobal
